{
  "version": "3",
  "packages": {
    "specifiers": {
      "npm:benchmark": "npm:benchmark@2.1.4",
      "npm:dotenv": "npm:dotenv@16.4.5"
    },
    "npm": {
      "benchmark@2.1.4": {
        "integrity": "sha512-l9MlfN4M1K/H2fbhfMy3B7vJd6AGKJVQn2h6Sg/Yx+KckoUA7ewS5Vv6TjSq18ooE1kS9hhAlQRH3AkXIh/aOQ==",
        "dependencies": {
          "lodash": "lodash@4.17.21",
          "platform": "platform@1.3.6"
        }
      },
      "dotenv@16.4.5": {
        "integrity": "sha512-ZmdL2rui+eB2YwhsWzjInR8LldtZHGDoQ1ugH85ppHKwpUHL7j7rN0Ti9NCnGiQbhaZ11FpR+7ao1dNsmduNUg==",
        "dependencies": {}
      },
      "lodash@4.17.21": {
        "integrity": "sha512-v2kDEe57lecTulaDIuNTPy3Ry4gLGJ6Z1O3vE1krgXZNrsQ+LFTGHVxVjcXPs17LhbZVGedAJv8XZ1tvj5FvSg==",
        "dependencies": {}
      },
      "platform@1.3.6": {
        "integrity": "sha512-fnWVljUchTro6RiCFvCXBbNhJc2NijN7oIQxbwsyL0buWJPG85v81ehlHI9fXrJsMNgTofEoWIQeClKpgxFLrg==",
        "dependencies": {}
      }
    }
  },
  "redirects": {
    "https://deno.land/x/expect/mod.ts": "https://deno.land/x/expect@v0.4.0/mod.ts"
  },
  "remote": {
    "https://deno.land/std@0.123.0/_util/assert.ts": "2f868145a042a11d5ad0a3c748dcf580add8a0dbc0e876eaa0026303a5488f58",
    "https://deno.land/std@0.123.0/_util/os.ts": "dfb186cc4e968c770ab6cc3288bd65f4871be03b93beecae57d657232ecffcac",
    "https://deno.land/std@0.123.0/async/deadline.ts": "1d6ac7aeaee22f75eb86e4e105d6161118aad7b41ae2dd14f4cfd3bf97472b93",
    "https://deno.land/std@0.123.0/async/debounce.ts": "b2f693e4baa16b62793fd618de6c003b63228db50ecfe3bd51fc5f6dc0bc264b",
    "https://deno.land/std@0.123.0/async/deferred.ts": "ab60d46ba561abb3b13c0c8085d05797a384b9f182935f051dc67136817acdee",
    "https://deno.land/std@0.123.0/async/delay.ts": "f2d8ccaa8ebc26594bd8b0989edfd8a96257a714c1dee2fb54d986e5bdd840ac",
    "https://deno.land/std@0.123.0/async/mod.ts": "78425176fabea7bd1046ce3819fd69ce40da85c83e0f174d17e8e224a91f7d10",
    "https://deno.land/std@0.123.0/async/mux_async_iterator.ts": "62abff3af9ff619e8f2adc96fc70d4ca020fa48a50c23c13f12d02ed2b760dbe",
    "https://deno.land/std@0.123.0/async/pool.ts": "353ce4f91865da203a097aa6f33de8966340c91b6f4a055611c8c5d534afd12f",
    "https://deno.land/std@0.123.0/async/tee.ts": "3e9f2ef6b36e55188de16a667c702ace4ad0cf84e3720379160e062bf27348ad",
    "https://deno.land/std@0.123.0/bytes/bytes_list.ts": "3bff6a09c72b2e0b1e92e29bd3b135053894196cca07a2bba842901073efe5cb",
    "https://deno.land/std@0.123.0/bytes/equals.ts": "69f55fdbd45c71f920c1a621e6c0865dc780cd8ae34e0f5e55a9497b70c31c1b",
    "https://deno.land/std@0.123.0/bytes/mod.ts": "fedb80b8da2e7ad8dd251148e65f92a04c73d6c5a430b7d197dc39588c8dda6f",
    "https://deno.land/std@0.123.0/encoding/base64.ts": "0b58bd6477214838bf711eef43eac21e47ba9e5c81b2ce185fe25d9ecab3ebb3",
    "https://deno.land/std@0.123.0/encoding/base64url.ts": "a5c3f71c99a397f9c6da7701e7cae4c031700ae180ba68a0fc9ff9baca71e4ac",
    "https://deno.land/std@0.123.0/flags/mod.ts": "5bd80147c97e481efcc4c041096c6c1a1393248e2849ccd571269d62c2634cbe",
    "https://deno.land/std@0.123.0/fmt/colors.ts": "8368ddf2d48dfe413ffd04cdbb7ae6a1009cf0dccc9c7ff1d76259d9c61a0621",
    "https://deno.land/std@0.123.0/fmt/printf.ts": "419510e0a3f7c8d680fbf6472d5a11e372854f1c2b32fca5fdb513575c485068",
    "https://deno.land/std@0.123.0/fs/eol.ts": "afaebaaac36f48c423b920c836551997715672b80a0fee9aa7667c181a94f2df",
    "https://deno.land/std@0.123.0/io/buffer.ts": "8f10342821b81990acf859cdccb4e4031c7c9187a0ffc3ed6b356ee29ecc6681",
    "https://deno.land/std@0.123.0/io/files.ts": "8794bf6014e6f3183fc5433926dfef4a50eb8d3ec3b6736ebb4277e5f0ce3420",
    "https://deno.land/std@0.123.0/io/util.ts": "96409103aa87b0eb0ddc494666a3514a6e969a1a3e7f69e100115ab7a1f532fb",
    "https://deno.land/std@0.123.0/node/_buffer.js": "ba78bf30b3d8bf28d1c4bb09283636d92b9e5804a5e0280c275c6902e8099435",
    "https://deno.land/std@0.123.0/node/_core.ts": "8b105f152c9f8990f7558b0a0a514d4f3ab90a85c09ca60e489ca92ed5271f75",
    "https://deno.land/std@0.123.0/node/_events.js": "53b64f9435cdf1b155894bdab35ca504409b5f1fbbf2034d25670173bff93c93",
    "https://deno.land/std@0.123.0/node/_fixed_queue.ts": "ac68975e5663ea9cf2e465e91a7600fa3d5dc1a2f556cf80fd1ee25b37dbcedf",
    "https://deno.land/std@0.123.0/node/_next_tick.ts": "6920f09860f30d4ec93395036086431c62b2a49894edb7c11ece27a04cfb12e4",
    "https://deno.land/std@0.123.0/node/_options.ts": "a89c69ab0a4ac6c0a371b35830b492fc38fb10bb5c97ca3976fa4b3b1ba56773",
    "https://deno.land/std@0.123.0/node/_process/exiting.ts": "53db772f1a42c1767d88d9aa1ba3c869cca0a3086d3d44a5308c2bf21762b0a5",
    "https://deno.land/std@0.123.0/node/_process/process.ts": "05c03f916f2370b2322188b877d49eb7c775e499f40e0b0b7a88ce19cef98db1",
    "https://deno.land/std@0.123.0/node/_process/stdio.js": "cbe868b85e4db3517c24a463f54d90d8a99bd602d913c3307cad59d24b1384e1",
    "https://deno.land/std@0.123.0/node/_process/streams.js": "cb97faed736f59c3fb7c1c3b74b5314ca01a144f8239ffdf0b86e14eba2d6360",
    "https://deno.land/std@0.123.0/node/_stream.js": "93a471b0a936c3785ba57230d9960f2d4a6678b203d4b98ae8e9e834fe70ba3b",
    "https://deno.land/std@0.123.0/node/_util/_debuglog.ts": "98b9562ee8db2798ea58a9afd6eb6c87be3e26fa7e2e6ea9c6fc5d0b334ee218",
    "https://deno.land/std@0.123.0/node/_util/_util_callbackify.ts": "a89ade5b5d989f9eb9261cd8179a5f8a1579c6a898549fab304200a85ee520b0",
    "https://deno.land/std@0.123.0/node/_utils.ts": "42e5b28e1740ba0be9b4ace2c9adb95317d9cadb099418c51ed34cd6a301cae3",
    "https://deno.land/std@0.123.0/node/buffer.ts": "cf37645cd1fc08f1afa02532dc6682cefd8cabbf44812aa9a4916e79bdd1cd11",
    "https://deno.land/std@0.123.0/node/events.ts": "685f1eb16aefcbeb32969787b6953c893b33d91f74bb62aa90ef3eba58f23fb1",
    "https://deno.land/std@0.123.0/node/internal/blob.js": "b7fcfcda96c539b90d825e9c81e2613ffc1ec97ac7476de8380358855ebed88e",
    "https://deno.land/std@0.123.0/node/internal/buffer.js": "2b99ff7d6102df3f755cc56051dc76ae8a36a188718dfdbda65d26c1d2b10b95",
    "https://deno.land/std@0.123.0/node/internal/error_codes.ts": "b688b738b0f601e18d6c2c2382d9612d992144014611d4523789a78cf4fd20be",
    "https://deno.land/std@0.123.0/node/internal/errors.ts": "1020201fb7c9fff82543c58423ba24552e29a4efcffb000e53b3bc246b613caf",
    "https://deno.land/std@0.123.0/node/internal/hide_stack_frames.ts": "2efdf96adebfd82c3fca4246d030937837bea4fa4d723b7decb0217b03535d66",
    "https://deno.land/std@0.123.0/node/internal/net.ts": "82e2c427c7540ec179bbae5b855c9707996b05b2a267314c40d15750ab17263f",
    "https://deno.land/std@0.123.0/node/internal/streams/_utils.ts": "cab425541eff517248429e2585b49e5a396995a399f5303a95d341e940d61e8a",
    "https://deno.land/std@0.123.0/node/internal/streams/add-abort-signal.js": "7f94d2ac07fc95b9a8da4ebe1e2ab2190f9ec27ff117775db5decf8ae8130b9d",
    "https://deno.land/std@0.123.0/node/internal/streams/buffer_list.js": "47753cdd2f92a93db64a78ebeb0ad49afb554d585a0b854cd02bf12b09da1587",
    "https://deno.land/std@0.123.0/node/internal/streams/compose.js": "f6bd0460f395c52cfa8ba88861e353c678766774f90341380e2d77719cc5e1e9",
    "https://deno.land/std@0.123.0/node/internal/streams/destroy.js": "3f478ab4a045fa7fa458b3dfdd9a224bb13e5dd6e420ab4a6e4f8bcd4f396f0e",
    "https://deno.land/std@0.123.0/node/internal/streams/duplex.js": "e247c47df8f5d743a677695d8f02b52962f0c63b4323372f1c4710a92b52d3e2",
    "https://deno.land/std@0.123.0/node/internal/streams/end-of-stream.js": "c818a109b501c544b7959b71c746fa70fb7ef4e5469093a454fcde074a87a267",
    "https://deno.land/std@0.123.0/node/internal/streams/from.js": "a78c84c977c56467ce1feb62205e939040d39d5a97b2d0e12b13c8fd85ff2251",
    "https://deno.land/std@0.123.0/node/internal/streams/legacy.js": "e9024b98f52c7c91e7a86cd7c95e0cdbe4c61cfe1dfbabf4970e5ce9911e375d",
    "https://deno.land/std@0.123.0/node/internal/streams/passthrough.js": "dce863d7bf8e0871460d85707bf2292d14fb4546d4955605f614b442d6f5ebda",
    "https://deno.land/std@0.123.0/node/internal/streams/pipeline.js": "5b76812943baa20ce3cfa50f1698444db640e0e89263cb46da4d5af34089d2ee",
    "https://deno.land/std@0.123.0/node/internal/streams/readable.js": "3447421ed9cac02ff9ca5d6ee9e746eb0ecc02ddecb6831172769d269206e714",
    "https://deno.land/std@0.123.0/node/internal/streams/state.js": "7af79649fac3f921ac61e6dbeb6d47a0df9b0add434839b932ca98bac2c17eda",
    "https://deno.land/std@0.123.0/node/internal/streams/transform.js": "810e247f149790edd6eccdb8648901c75041aca954612942ccf65567546b8463",
    "https://deno.land/std@0.123.0/node/internal/streams/utils.js": "08d7323acc576be564be6ff151131d9abde00d7057222548c0e528ace9663d3d",
    "https://deno.land/std@0.123.0/node/internal/streams/writable.js": "78ed9f1205a9e26d2c27b878c568de7e304e119f541bcd9554b73b46f51961dc",
    "https://deno.land/std@0.123.0/node/internal/util.js": "846e98e7194c58dafa3b17e84853dd2ce37fec489dedb2a01e39b97b96f6d5a4",
    "https://deno.land/std@0.123.0/node/internal/util/comparisons.ts": "b8ce4d430a783d93121d0c4ed433a73b88dd49d5d49800174ae351fd83cbf6ee",
    "https://deno.land/std@0.123.0/node/internal/util/debuglog.ts": "d713a960a52236a8a790028b4774ceaa79e41f6879c193539c812ae9fc5416cf",
    "https://deno.land/std@0.123.0/node/internal/util/inspect.js": "e1ca848455e368b90ad054c2250e77ff6186eee4e5f4f588fc688ec5ae1690c7",
    "https://deno.land/std@0.123.0/node/internal/util/types.ts": "31745332605771b59701baebf1655f389202b10bb787afb78e66c92486bc0332",
    "https://deno.land/std@0.123.0/node/internal/validators.js": "709eb313ef477978419fb682cf40b0247cb6ed25bf6da993b27df9f86d010f09",
    "https://deno.land/std@0.123.0/node/internal_binding/_libuv_winerror.ts": "9f4ee92cead8866de225d94ddff78277175b4046d0bd032d65372599d1a73f9b",
    "https://deno.land/std@0.123.0/node/internal_binding/_node.ts": "c257e872993334cfab1eaab8212d422b24f7388281f73c7bbdd9bbf1bb2a7841",
    "https://deno.land/std@0.123.0/node/internal_binding/_utils.ts": "ee6830db046e829b5c4d6df1de21f1a3d6464469a2fe303b32bc44bb171c2eeb",
    "https://deno.land/std@0.123.0/node/internal_binding/_winerror.ts": "27e4a7d78ae31e7b07faafd25fe46fa367271aec0a49f3be067f7ec160396a38",
    "https://deno.land/std@0.123.0/node/internal_binding/async_wrap.ts": "c7cbf0a0aee3f66dea249fddf0a9d6f6472b38faf98dcc0feb38774f400fc858",
    "https://deno.land/std@0.123.0/node/internal_binding/buffer.ts": "f92daf02083bdaf0006a06fa1f26a26436f4b7b0c5d000aff7d01da3d1aa42a5",
    "https://deno.land/std@0.123.0/node/internal_binding/cares_wrap.ts": "2d3d8eb647baba6578541ede6df3800f05f2d1366dd857f027f97f96ef08098c",
    "https://deno.land/std@0.123.0/node/internal_binding/config.ts": "0b6fadf73d2c291caf99743bb5fd34dbfde9d44e5a08c912fb1bfddde5358468",
    "https://deno.land/std@0.123.0/node/internal_binding/connection_wrap.ts": "2d6ce6286cebbb1c39b077eeb8d9e1a31de09236c5cdde84166918f404f2f38f",
    "https://deno.land/std@0.123.0/node/internal_binding/constants.ts": "91c9274c8891f93262032129348b25f170162cb126dc424ec7ce8a2172812657",
    "https://deno.land/std@0.123.0/node/internal_binding/contextify.ts": "0b6fadf73d2c291caf99743bb5fd34dbfde9d44e5a08c912fb1bfddde5358468",
    "https://deno.land/std@0.123.0/node/internal_binding/credentials.ts": "0b6fadf73d2c291caf99743bb5fd34dbfde9d44e5a08c912fb1bfddde5358468",
    "https://deno.land/std@0.123.0/node/internal_binding/crypto.ts": "0b6fadf73d2c291caf99743bb5fd34dbfde9d44e5a08c912fb1bfddde5358468",
    "https://deno.land/std@0.123.0/node/internal_binding/errors.ts": "0b6fadf73d2c291caf99743bb5fd34dbfde9d44e5a08c912fb1bfddde5358468",
    "https://deno.land/std@0.123.0/node/internal_binding/fs.ts": "0b6fadf73d2c291caf99743bb5fd34dbfde9d44e5a08c912fb1bfddde5358468",
    "https://deno.land/std@0.123.0/node/internal_binding/fs_dir.ts": "0b6fadf73d2c291caf99743bb5fd34dbfde9d44e5a08c912fb1bfddde5358468",
    "https://deno.land/std@0.123.0/node/internal_binding/fs_event_wrap.ts": "0b6fadf73d2c291caf99743bb5fd34dbfde9d44e5a08c912fb1bfddde5358468",
    "https://deno.land/std@0.123.0/node/internal_binding/handle_wrap.ts": "3411e63c8d052a14e3be600184ba8e2d97dd1b40438b08c096c80bdbdd21fb12",
    "https://deno.land/std@0.123.0/node/internal_binding/heap_utils.ts": "0b6fadf73d2c291caf99743bb5fd34dbfde9d44e5a08c912fb1bfddde5358468",
    "https://deno.land/std@0.123.0/node/internal_binding/http_parser.ts": "0b6fadf73d2c291caf99743bb5fd34dbfde9d44e5a08c912fb1bfddde5358468",
    "https://deno.land/std@0.123.0/node/internal_binding/icu.ts": "0b6fadf73d2c291caf99743bb5fd34dbfde9d44e5a08c912fb1bfddde5358468",
    "https://deno.land/std@0.123.0/node/internal_binding/inspector.ts": "0b6fadf73d2c291caf99743bb5fd34dbfde9d44e5a08c912fb1bfddde5358468",
    "https://deno.land/std@0.123.0/node/internal_binding/js_stream.ts": "0b6fadf73d2c291caf99743bb5fd34dbfde9d44e5a08c912fb1bfddde5358468",
    "https://deno.land/std@0.123.0/node/internal_binding/messaging.ts": "0b6fadf73d2c291caf99743bb5fd34dbfde9d44e5a08c912fb1bfddde5358468",
    "https://deno.land/std@0.123.0/node/internal_binding/mod.ts": "96abc2c1c17101790c2c0b3c5cca69ee73b304e4318ed7adc4cdc48de680e28d",
    "https://deno.land/std@0.123.0/node/internal_binding/module_wrap.ts": "0b6fadf73d2c291caf99743bb5fd34dbfde9d44e5a08c912fb1bfddde5358468",
    "https://deno.land/std@0.123.0/node/internal_binding/native_module.ts": "0b6fadf73d2c291caf99743bb5fd34dbfde9d44e5a08c912fb1bfddde5358468",
    "https://deno.land/std@0.123.0/node/internal_binding/natives.ts": "0b6fadf73d2c291caf99743bb5fd34dbfde9d44e5a08c912fb1bfddde5358468",
    "https://deno.land/std@0.123.0/node/internal_binding/node_file.ts": "b86f94b249bd231f40d5dc38ce5a3636da9a618f79060cece0bb117899c397e8",
    "https://deno.land/std@0.123.0/node/internal_binding/node_options.ts": "0128cb8c0b4f63de6ffd9e00a4d050890deb85bd0d5964349d11e32626d0f682",
    "https://deno.land/std@0.123.0/node/internal_binding/options.ts": "0b6fadf73d2c291caf99743bb5fd34dbfde9d44e5a08c912fb1bfddde5358468",
    "https://deno.land/std@0.123.0/node/internal_binding/os.ts": "0b6fadf73d2c291caf99743bb5fd34dbfde9d44e5a08c912fb1bfddde5358468",
    "https://deno.land/std@0.123.0/node/internal_binding/performance.ts": "0b6fadf73d2c291caf99743bb5fd34dbfde9d44e5a08c912fb1bfddde5358468",
    "https://deno.land/std@0.123.0/node/internal_binding/pipe_wrap.ts": "4cdc3c1ad35b26610dbe7cd5ded85853498fce96ef1afad146be184cf30063a7",
    "https://deno.land/std@0.123.0/node/internal_binding/process_methods.ts": "0b6fadf73d2c291caf99743bb5fd34dbfde9d44e5a08c912fb1bfddde5358468",
    "https://deno.land/std@0.123.0/node/internal_binding/report.ts": "0b6fadf73d2c291caf99743bb5fd34dbfde9d44e5a08c912fb1bfddde5358468",
    "https://deno.land/std@0.123.0/node/internal_binding/serdes.ts": "0b6fadf73d2c291caf99743bb5fd34dbfde9d44e5a08c912fb1bfddde5358468",
    "https://deno.land/std@0.123.0/node/internal_binding/signal_wrap.ts": "0b6fadf73d2c291caf99743bb5fd34dbfde9d44e5a08c912fb1bfddde5358468",
    "https://deno.land/std@0.123.0/node/internal_binding/spawn_sync.ts": "0b6fadf73d2c291caf99743bb5fd34dbfde9d44e5a08c912fb1bfddde5358468",
    "https://deno.land/std@0.123.0/node/internal_binding/stream_wrap.ts": "424d75c7ede5b8bee5c0b5a7f2156030c6629b26e9f7a050e7484a230c146d24",
    "https://deno.land/std@0.123.0/node/internal_binding/string_decoder.ts": "6aca87fb018705e34c39d6f67d610b14c8ca04a47ca58f0d1fc8d5f9281e6b7b",
    "https://deno.land/std@0.123.0/node/internal_binding/symbols.ts": "cba5340b9502a2e2c714463b43df8d967833a0ce26fef6958d394b95651bd687",
    "https://deno.land/std@0.123.0/node/internal_binding/task_queue.ts": "0b6fadf73d2c291caf99743bb5fd34dbfde9d44e5a08c912fb1bfddde5358468",
    "https://deno.land/std@0.123.0/node/internal_binding/tcp_wrap.ts": "15abc42da2f0781bb797078cc1bc796ea90f06bc640ac424fafb1c8f6eaa2f0f",
    "https://deno.land/std@0.123.0/node/internal_binding/timers.ts": "0b6fadf73d2c291caf99743bb5fd34dbfde9d44e5a08c912fb1bfddde5358468",
    "https://deno.land/std@0.123.0/node/internal_binding/tls_wrap.ts": "0b6fadf73d2c291caf99743bb5fd34dbfde9d44e5a08c912fb1bfddde5358468",
    "https://deno.land/std@0.123.0/node/internal_binding/trace_events.ts": "0b6fadf73d2c291caf99743bb5fd34dbfde9d44e5a08c912fb1bfddde5358468",
    "https://deno.land/std@0.123.0/node/internal_binding/tty_wrap.ts": "0b6fadf73d2c291caf99743bb5fd34dbfde9d44e5a08c912fb1bfddde5358468",
    "https://deno.land/std@0.123.0/node/internal_binding/types.ts": "80621e22989a1431068bc3b7f59cab3afb42cfb4d4cd273e61fa2d11ab3abab6",
    "https://deno.land/std@0.123.0/node/internal_binding/udp_wrap.ts": "0b6fadf73d2c291caf99743bb5fd34dbfde9d44e5a08c912fb1bfddde5358468",
    "https://deno.land/std@0.123.0/node/internal_binding/url.ts": "0b6fadf73d2c291caf99743bb5fd34dbfde9d44e5a08c912fb1bfddde5358468",
    "https://deno.land/std@0.123.0/node/internal_binding/util.ts": "446b4d704f4d588df98db9c6f9c7465c08a23f20f781ba55bcc246fb260012af",
    "https://deno.land/std@0.123.0/node/internal_binding/uv.ts": "3b722cd20508d54e4d790c825b23510a5fa4313ad42bfb8904704a738df32325",
    "https://deno.land/std@0.123.0/node/internal_binding/v8.ts": "0b6fadf73d2c291caf99743bb5fd34dbfde9d44e5a08c912fb1bfddde5358468",
    "https://deno.land/std@0.123.0/node/internal_binding/worker.ts": "0b6fadf73d2c291caf99743bb5fd34dbfde9d44e5a08c912fb1bfddde5358468",
    "https://deno.land/std@0.123.0/node/internal_binding/zlib.ts": "0b6fadf73d2c291caf99743bb5fd34dbfde9d44e5a08c912fb1bfddde5358468",
    "https://deno.land/std@0.123.0/node/os.ts": "77e68e236dd7a0d26ff5eff27a6687c3f631899d0b02b3e4476b4648e0f12015",
    "https://deno.land/std@0.123.0/node/process.ts": "3e3d7530a49d13d4f6b301f187329e3809f5f52e0f3300c4a8952ac2ccfd6786",
    "https://deno.land/std@0.123.0/node/stream.ts": "5f92cc91b2173d11a7a537e519c96628fb953db26c18647582a548094eac6e5f",
    "https://deno.land/std@0.123.0/node/stream/promises.js": "5e20c07b9289cbe65e73b1d560c6ffdffdf62f4902f9e18a2ceb5824bc69c7df",
    "https://deno.land/std@0.123.0/node/string_decoder.ts": "e97d4988a3490fd572fc23e64b3a33dabc4ac76c1fb82665f34dc8956d57a658",
    "https://deno.land/std@0.123.0/node/util.ts": "464ef053a15b7014217bc1f55dca9543c218f9c0b8d45ac5ad85586c97b42e5e",
    "https://deno.land/std@0.123.0/node/util/types.js": "a793fb9be6b8fdf71d4561b2688e45d62a9faefdbb6f35033212422b8f7eda9c",
    "https://deno.land/std@0.123.0/path/_constants.ts": "1247fee4a79b70c89f23499691ef169b41b6ccf01887a0abd131009c5581b853",
    "https://deno.land/std@0.123.0/path/_interface.ts": "1fa73b02aaa24867e481a48492b44f2598cd9dfa513c7b34001437007d3642e4",
    "https://deno.land/std@0.123.0/path/_util.ts": "2e06a3b9e79beaf62687196bd4b60a4c391d862cfa007a20fc3a39f778ba073b",
    "https://deno.land/std@0.123.0/path/common.ts": "f41a38a0719a1e85aa11c6ba3bea5e37c15dd009d705bd8873f94c833568cbc4",
    "https://deno.land/std@0.123.0/path/glob.ts": "7bf2349e818e332a830f3d8874c3f45dd7580b6c742ed50dbf6282d84ab18405",
    "https://deno.land/std@0.123.0/path/mod.ts": "4465dc494f271b02569edbb4a18d727063b5dbd6ed84283ff906260970a15d12",
    "https://deno.land/std@0.123.0/path/posix.ts": "34349174b9cd121625a2810837a82dd8b986bbaaad5ade690d1de75bbb4555b2",
    "https://deno.land/std@0.123.0/path/separator.ts": "8fdcf289b1b76fd726a508f57d3370ca029ae6976fcde5044007f062e643ff1c",
    "https://deno.land/std@0.123.0/path/win32.ts": "11549e8c6df8307a8efcfa47ad7b2a75da743eac7d4c89c9723a944661c8bd2e",
    "https://deno.land/std@0.123.0/streams/conversion.ts": "7ff9af42540063fa72003ab31a377ba9dde8532d43b16329b933c37a6d7aac5f",
    "https://deno.land/std@0.123.0/testing/_diff.ts": "e6a10d2aca8d6c27a9c5b8a2dbbf64353874730af539707b5b39d4128140642d",
    "https://deno.land/std@0.123.0/testing/asserts.ts": "437505f8490a4d261836d822d3418bdd2b152007bdc9b01bdc339bf4b88983a2",
    "https://deno.land/std@0.223.0/dotenv/mod.ts": "0180eaeedaaf88647318811cdaa418cc64dc51fb08354f91f5f480d0a1309f7d",
    "https://deno.land/std@0.223.0/dotenv/parse.ts": "09977ff88dfd1f24f9973a338f0f91bbdb9307eb5ff6085446e7c423e4c7ba0c",
    "https://deno.land/std@0.223.0/dotenv/stringify.ts": "275da322c409170160440836342eaa7cf012a1d11a7e700d8ca4e7f2f8aa4615",
    "https://deno.land/std@0.224.0/assert/assert.ts": "09d30564c09de846855b7b071e62b5974b001bb72a4b797958fe0660e7849834",
    "https://deno.land/std@0.224.0/assert/assertion_error.ts": "ba8752bd27ebc51f723702fac2f54d3e94447598f54264a6653d6413738a8917",
    "https://deno.land/std@0.224.0/cli/parse_args.ts": "5250832fb7c544d9111e8a41ad272c016f5a53f975ef84d5a9fe5fcb70566ece",
    "https://deno.land/std@0.97.0/fmt/colors.ts": "db22b314a2ae9430ae7460ce005e0a7130e23ae1c999157e3bb77cf55800f7e4",
    "https://deno.land/std@0.97.0/testing/_diff.ts": "961eaf6d9f5b0a8556c9d835bbc6fa74f5addd7d3b02728ba7936ff93364f7a3",
    "https://deno.land/std@0.97.0/testing/asserts.ts": "341292d12eebc44be4c3c2ca101ba8b6b5859cef2fa69d50c217f9d0bfbcfd1f",
    "https://deno.land/x/expect@v0.4.0/expect.ts": "1d1856758a750f440d0b65d74f19e5d4829bb76d8e576d05546abd8e7b1dfb9e",
    "https://deno.land/x/expect@v0.4.0/matchers.ts": "55acf74a3c4a308d079798930f05ab11da2080ec7acd53517193ca90d1296bf7",
    "https://deno.land/x/expect@v0.4.0/mock.ts": "562d4b1d735d15b0b8e935f342679096b64fe452f86e96714fe8616c0c884914",
    "https://deno.land/x/expect@v0.4.0/mod.ts": "0304d2430e1e96ba669a8495e24ba606dcc3d152e1f81aaa8da898cea24e36c2"
  }
}
